{
  "name": "atdatabases-pg-esm-bug",
  "version": "1.0.0",
  "lockfileVersion": 3,
  "requires": true,
  "packages": {
    "": {
      "name": "atdatabases-pg-esm-bug",
      "version": "1.0.0",
      "license": "ISC",
      "dependencies": {
        "@databases/pg": "^5.4.1"
      },
      "devDependencies": {
        "@tsconfig/esm": "^1.0.3",
        "@types/node": "^18.16.3",
        "typescript": "^5.0.4"
      }
    },
    "node_modules/@babel/code-frame": {
      "version": "7.21.4",
      "resolved": "https://registry.npmjs.org/@babel/code-frame/-/code-frame-7.21.4.tgz",
      "integrity": "sha512-LYvhNKfwWSPpocw8GI7gpK2nq3HSDuEPC/uSYaALSJu9xjsalaaYFOq0Pwt5KmVqwEbZlDu81aLXwBOmD/Fv9g==",
      "dependencies": {
        "@babel/highlight": "^7.18.6"
      },
      "engines": {
        "node": ">=6.9.0"
      }
    },
    "node_modules/@babel/helper-validator-identifier": {
      "version": "7.19.1",
      "resolved": "https://registry.npmjs.org/@babel/helper-validator-identifier/-/helper-validator-identifier-7.19.1.tgz",
      "integrity": "sha512-awrNfaMtnHUr653GgGEs++LlAvW6w+DcPrOliSMXWCKo597CwL5Acf/wWdNkf/tfEQE3mjkeD1YOVZOUV/od1w==",
      "engines": {
        "node": ">=6.9.0"
      }
    },
    "node_modules/@babel/highlight": {
      "version": "7.18.6",
      "resolved": "https://registry.npmjs.org/@babel/highlight/-/highlight-7.18.6.tgz",
      "integrity": "sha512-u7stbOuYjaPezCuLj29hNW1v64M2Md2qupEKP1fHc7WdOA3DgLh37suiSrZYY7haUB7iBeQZ9P1uiRF359do3g==",
      "dependencies": {
        "@babel/helper-validator-identifier": "^7.18.6",
        "chalk": "^2.0.0",
        "js-tokens": "^4.0.0"
      },
      "engines": {
        "node": ">=6.9.0"
      }
    },
    "node_modules/@databases/connection-pool": {
      "version": "1.1.0",
      "resolved": "https://registry.npmjs.org/@databases/connection-pool/-/connection-pool-1.1.0.tgz",
      "integrity": "sha512-/12/SNgl0V77mJTo5SX3yGPz4c9XGQwAlCfA0vlfs/0HcaErNpYXpmhj0StET07w6TmTJTnaUgX2EPcQK9ez5A==",
      "dependencies": {
        "@databases/queue": "^1.0.0",
        "is-promise": "^4.0.0"
      }
    },
    "node_modules/@databases/escape-identifier": {
      "version": "1.0.3",
      "resolved": "https://registry.npmjs.org/@databases/escape-identifier/-/escape-identifier-1.0.3.tgz",
      "integrity": "sha512-Su36iSVzaHxpVdISVMViUX/32sLvzxVgjZpYhzhotxZUuLo11GVWsiHwqkvUZijTLUxcDmUqEwGJO3O/soLuZA==",
      "dependencies": {
        "@databases/validate-unicode": "^1.0.0"
      }
    },
    "node_modules/@databases/lock": {
      "version": "2.1.0",
      "resolved": "https://registry.npmjs.org/@databases/lock/-/lock-2.1.0.tgz",
      "integrity": "sha512-ReWnFE5qeCuO2SA5h5fDh/hE/vMolA+Epe6xkAQP1FL2nhnsTCYwN2JACk/kWctR4OQoh0njBjPZ0yfIptclcA==",
      "dependencies": {
        "@databases/queue": "^1.0.0"
      }
    },
    "node_modules/@databases/pg": {
      "version": "5.4.1",
      "resolved": "https://registry.npmjs.org/@databases/pg/-/pg-5.4.1.tgz",
      "integrity": "sha512-V4BvwEwcrpZVEhCuBX4rwIGr1Idk68UMp+7rpqxFsl9SVIvHentX2wq7Nyclp7sxnQddEH8KsTCXt0eleRaihA==",
      "dependencies": {
        "@babel/code-frame": "^7.0.0",
        "@databases/escape-identifier": "^1.0.3",
        "@databases/pg-config": "^3.1.0",
        "@databases/pg-connection-string": "^1.0.0",
        "@databases/pg-data-type-id": "^3.0.0",
        "@databases/pg-errors": "^1.0.0",
        "@databases/push-to-async-iterable": "^3.0.0",
        "@databases/shared": "^3.0.0",
        "@databases/split-sql-query": "^1.0.3",
        "@databases/sql": "^3.2.0",
        "@types/cuid": "^1.3.1",
        "assert-never": "^1.2.1",
        "cuid": "^2.1.8",
        "pg": "^8.4.2",
        "pg-cursor": "^2.4.2"
      }
    },
    "node_modules/@databases/pg-config": {
      "version": "3.2.0",
      "resolved": "https://registry.npmjs.org/@databases/pg-config/-/pg-config-3.2.0.tgz",
      "integrity": "sha512-hoPAK/F8gLcLgEJ8mLSnNvRlKqShwx5+GglDHIIfQhKF+Zz6M6QceiOefckS4WSjA0x2HClPvpercnXp9i24ag==",
      "dependencies": {
        "cosmiconfig": "^8.1.0",
        "funtypes": "^4.1.0"
      }
    },
    "node_modules/@databases/pg-connection-string": {
      "version": "1.0.0",
      "resolved": "https://registry.npmjs.org/@databases/pg-connection-string/-/pg-connection-string-1.0.0.tgz",
      "integrity": "sha512-8czOF9jlv7PlS7BPjnL82ynpDs1t8cu+C2jvdtMr37e8daPKMS7n1KfNE9xtr2Gq4QYKjynep097eYa5yIwcLA=="
    },
    "node_modules/@databases/pg-data-type-id": {
      "version": "3.0.0",
      "resolved": "https://registry.npmjs.org/@databases/pg-data-type-id/-/pg-data-type-id-3.0.0.tgz",
      "integrity": "sha512-VqW1csN8pRsWJxjPsGIC9FQ8wyenfmGv0P//BaeDMAu/giM3IXKxKM8fkScUSQ00uqFK/L1iHS5g6dgodF3XzA=="
    },
    "node_modules/@databases/pg-errors": {
      "version": "1.0.0",
      "resolved": "https://registry.npmjs.org/@databases/pg-errors/-/pg-errors-1.0.0.tgz",
      "integrity": "sha512-Yz3exbptZwOn4ZD/MSwY6z++XVyOFsMh5DERvSw3awRwJFnfdaqdeiIxxX0MVjM6KPihF0xxp8lPO7vTc5ydpw=="
    },
    "node_modules/@databases/push-to-async-iterable": {
      "version": "3.0.0",
      "resolved": "https://registry.npmjs.org/@databases/push-to-async-iterable/-/push-to-async-iterable-3.0.0.tgz",
      "integrity": "sha512-xwu/yNgINdMU+fn6UwFsxh+pa6UrVPafY+0qm0RK0/nKyjllfDqSbwK4gSmdmLEwPYxKwch9CAE3P8NxN1hPSg==",
      "dependencies": {
        "@databases/queue": "^1.0.0"
      }
    },
    "node_modules/@databases/queue": {
      "version": "1.0.1",
      "resolved": "https://registry.npmjs.org/@databases/queue/-/queue-1.0.1.tgz",
      "integrity": "sha512-dqRU+/aQ4lhFzjPIkIhjB0+UEKMb76FoBgHOJUTcEblgatr/IhdhHliT3VVwcImXh35Mz297PAXE4yFM4eYWUQ=="
    },
    "node_modules/@databases/shared": {
      "version": "3.0.2",
      "resolved": "https://registry.npmjs.org/@databases/shared/-/shared-3.0.2.tgz",
      "integrity": "sha512-SjkYq6aKK2hyD1Rwtv20lijbDO85zytJCFmfHE3YpGx2nh7ViW1hCms2VuxaKkvUFjvbswTZHsWaZlcmg/QUOQ==",
      "dependencies": {
        "@databases/connection-pool": "^1.1.0",
        "@databases/lock": "^2.1.0",
        "@databases/queue": "^1.0.1",
        "@databases/split-sql-query": "^1.0.3",
        "@databases/sql": "^3.3.0",
        "cuid": "^2.1.8"
      }
    },
    "node_modules/@databases/split-sql-query": {
      "version": "1.0.3",
      "resolved": "https://registry.npmjs.org/@databases/split-sql-query/-/split-sql-query-1.0.3.tgz",
      "integrity": "sha512-Q3UYX85e34yE9KXa095AJtJhBQ0NpLfC0kS9ydFKuNB25cto4YddY52RuXN81m2t0pS1Atg31ylNpKfNCnUPdA==",
      "peerDependencies": {
        "@databases/sql": "*"
      }
    },
    "node_modules/@databases/sql": {
      "version": "3.3.0",
      "resolved": "https://registry.npmjs.org/@databases/sql/-/sql-3.3.0.tgz",
      "integrity": "sha512-vj9huEy4mjJ48GS1Z8yvtMm4BYAnFYACUds25ym6Gd/gsnngkJ17fo62a6mmbNNwCBS/8467PmZR01Zs/06TjA=="
    },
    "node_modules/@databases/validate-unicode": {
      "version": "1.0.0",
      "resolved": "https://registry.npmjs.org/@databases/validate-unicode/-/validate-unicode-1.0.0.tgz",
      "integrity": "sha512-dLKqxGcymeVwEb/6c44KjOnzaAafFf0Wxa8xcfEjx/qOl3rdijsKYBAtIGhtVtOlpPf/PFKfgTuFurSPn/3B/g=="
    },
    "node_modules/@tsconfig/esm": {
      "version": "1.0.3",
      "resolved": "https://registry.npmjs.org/@tsconfig/esm/-/esm-1.0.3.tgz",
      "integrity": "sha512-Gp56rIc3R8ab032nXMUitmc7YIb4nAi8DQ6Qt47tuL0Ssn9LIOm+o2FQmqPu3jX4z0TsqgzWwkmVygxcq+yHYg==",
      "dev": true
    },
    "node_modules/@types/cuid": {
      "version": "1.3.1",
      "resolved": "https://registry.npmjs.org/@types/cuid/-/cuid-1.3.1.tgz",
      "integrity": "sha512-LwQOxZtpN3aEGElEicpHx1I6exi+mLBecAdLMWNRjGaYByD2CqGjSH1oVEQGeNSqgYBhLC1pIJQMDgcpxk0t8Q=="
    },
    "node_modules/@types/node": {
      "version": "18.16.3",
      "resolved": "https://registry.npmjs.org/@types/node/-/node-18.16.3.tgz",
      "integrity": "sha512-OPs5WnnT1xkCBiuQrZA4+YAV4HEJejmHneyraIaxsbev5yCEr6KMwINNFP9wQeFIw8FWcoTqF3vQsa5CDaI+8Q==",
      "dev": true
    },
    "node_modules/ansi-styles": {
      "version": "3.2.1",
      "resolved": "https://registry.npmjs.org/ansi-styles/-/ansi-styles-3.2.1.tgz",
      "integrity": "sha512-VT0ZI6kZRdTh8YyJw3SMbYm/u+NqfsAxEpWO0Pf9sq8/e94WxxOpPKx9FR1FlyCtOVDNOQ+8ntlqFxiRc+r5qA==",
      "dependencies": {
        "color-convert": "^1.9.0"
      },
      "engines": {
        "node": ">=4"
      }
    },
    "node_modules/argparse": {
      "version": "2.0.1",
      "resolved": "https://registry.npmjs.org/argparse/-/argparse-2.0.1.tgz",
      "integrity": "sha512-8+9WqebbFzpX9OR+Wa6O29asIogeRMzcGtAINdpMHHyAg10f05aSFVBbcEqGf/PXw1EjAZ+q2/bEBg3DvurK3Q=="
    },
    "node_modules/assert-never": {
      "version": "1.2.1",
      "resolved": "https://registry.npmjs.org/assert-never/-/assert-never-1.2.1.tgz",
      "integrity": "sha512-TaTivMB6pYI1kXwrFlEhLeGfOqoDNdTxjCdwRfFFkEA30Eu+k48W34nlok2EYWJfFFzqaEmichdNM7th6M5HNw=="
    },
    "node_modules/buffer-writer": {
      "version": "2.0.0",
      "resolved": "https://registry.npmjs.org/buffer-writer/-/buffer-writer-2.0.0.tgz",
      "integrity": "sha512-a7ZpuTZU1TRtnwyCNW3I5dc0wWNC3VR9S++Ewyk2HHZdrO3CQJqSpd+95Us590V6AL7JqUAH2IwZ/398PmNFgw==",
      "engines": {
        "node": ">=4"
      }
    },
    "node_modules/callsites": {
      "version": "3.1.0",
      "resolved": "https://registry.npmjs.org/callsites/-/callsites-3.1.0.tgz",
      "integrity": "sha512-P8BjAsXvZS+VIDUI11hHCQEv74YT67YUi5JJFNWIqL235sBmjX4+qx9Muvls5ivyNENctx46xQLQ3aTuE7ssaQ==",
      "engines": {
        "node": ">=6"
      }
    },
    "node_modules/chalk": {
      "version": "2.4.2",
      "resolved": "https://registry.npmjs.org/chalk/-/chalk-2.4.2.tgz",
      "integrity": "sha512-Mti+f9lpJNcwF4tWV8/OrTTtF1gZi+f8FqlyAdouralcFWFQWF2+NgCHShjkCb+IFBLq9buZwE1xckQU4peSuQ==",
      "dependencies": {
        "ansi-styles": "^3.2.1",
        "escape-string-regexp": "^1.0.5",
        "supports-color": "^5.3.0"
      },
      "engines": {
        "node": ">=4"
      }
    },
    "node_modules/color-convert": {
      "version": "1.9.3",
      "resolved": "https://registry.npmjs.org/color-convert/-/color-convert-1.9.3.tgz",
      "integrity": "sha512-QfAUtd+vFdAtFQcC8CCyYt1fYWxSqAiK2cSD6zDB8N3cpsEBAvRxp9zOGg6G/SHHJYAT88/az/IuDGALsNVbGg==",
      "dependencies": {
        "color-name": "1.1.3"
      }
    },
    "node_modules/color-name": {
      "version": "1.1.3",
      "resolved": "https://registry.npmjs.org/color-name/-/color-name-1.1.3.tgz",
      "integrity": "sha512-72fSenhMw2HZMTVHeCA9KCmpEIbzWiQsjN+BHcBbS9vr1mtt+vJjPdksIBNUmKAW8TFUDPJK5SUU3QhE9NEXDw=="
    },
    "node_modules/cosmiconfig": {
      "version": "8.1.3",
      "resolved": "https://registry.npmjs.org/cosmiconfig/-/cosmiconfig-8.1.3.tgz",
      "integrity": "sha512-/UkO2JKI18b5jVMJUp0lvKFMpa/Gye+ZgZjKD+DGEN9y7NRcf/nK1A0sp67ONmKtnDCNMS44E6jrk0Yc3bDuUw==",
      "dependencies": {
        "import-fresh": "^3.2.1",
        "js-yaml": "^4.1.0",
        "parse-json": "^5.0.0",
        "path-type": "^4.0.0"
      },
      "engines": {
        "node": ">=14"
      },
      "funding": {
        "url": "https://github.com/sponsors/d-fischer"
      }
    },
    "node_modules/cuid": {
      "version": "2.1.8",
      "resolved": "https://registry.npmjs.org/cuid/-/cuid-2.1.8.tgz",
      "integrity": "sha512-xiEMER6E7TlTPnDxrM4eRiC6TRgjNX9xzEZ5U/Se2YJKr7Mq4pJn/2XEHjl3STcSh96GmkHPcBXLES8M29wyyg==",
      "deprecated": "Cuid and other k-sortable and non-cryptographic ids (Ulid, ObjectId, KSUID, all UUIDs) are all insecure. Use @paralleldrive/cuid2 instead."
    },
    "node_modules/error-ex": {
      "version": "1.3.2",
      "resolved": "https://registry.npmjs.org/error-ex/-/error-ex-1.3.2.tgz",
      "integrity": "sha512-7dFHNmqeFSEt2ZBsCriorKnn3Z2pj+fd9kmI6QoWw4//DL+icEBfc0U7qJCisqrTsKTjw4fNFy2pW9OqStD84g==",
      "dependencies": {
        "is-arrayish": "^0.2.1"
      }
    },
    "node_modules/escape-string-regexp": {
      "version": "1.0.5",
      "resolved": "https://registry.npmjs.org/escape-string-regexp/-/escape-string-regexp-1.0.5.tgz",
      "integrity": "sha512-vbRorB5FUQWvla16U8R/qgaFIya2qGzwDrNmCZuYKrbdSUMG6I1ZCGQRefkRVhuOkIGVne7BQ35DSfo1qvJqFg==",
      "engines": {
        "node": ">=0.8.0"
      }
    },
    "node_modules/funtypes": {
      "version": "4.2.0",
      "resolved": "https://registry.npmjs.org/funtypes/-/funtypes-4.2.0.tgz",
      "integrity": "sha512-DvOtjiKvkeuXGV0O8LQh9quUP3bSOTEQPGv537Sao8kDq2rDbg48UsSJ7wlBLPzR2Mn0pV7cyAiq5pYG1oUyCQ=="
    },
    "node_modules/has-flag": {
      "version": "3.0.0",
      "resolved": "https://registry.npmjs.org/has-flag/-/has-flag-3.0.0.tgz",
      "integrity": "sha512-sKJf1+ceQBr4SMkvQnBDNDtf4TXpVhVGateu0t918bl30FnbE2m4vNLX+VWe/dpjlb+HugGYzW7uQXH98HPEYw==",
      "engines": {
        "node": ">=4"
      }
    },
    "node_modules/import-fresh": {
      "version": "3.3.0",
      "resolved": "https://registry.npmjs.org/import-fresh/-/import-fresh-3.3.0.tgz",
      "integrity": "sha512-veYYhQa+D1QBKznvhUHxb8faxlrwUnxseDAbAp457E0wLNio2bOSKnjYDhMj+YiAq61xrMGhQk9iXVk5FzgQMw==",
      "dependencies": {
        "parent-module": "^1.0.0",
        "resolve-from": "^4.0.0"
      },
      "engines": {
        "node": ">=6"
      },
      "funding": {
        "url": "https://github.com/sponsors/sindresorhus"
      }
    },
    "node_modules/is-arrayish": {
      "version": "0.2.1",
      "resolved": "https://registry.npmjs.org/is-arrayish/-/is-arrayish-0.2.1.tgz",
      "integrity": "sha512-zz06S8t0ozoDXMG+ube26zeCTNXcKIPJZJi8hBrF4idCLms4CG9QtK7qBl1boi5ODzFpjswb5JPmHCbMpjaYzg=="
    },
    "node_modules/is-promise": {
      "version": "4.0.0",
      "resolved": "https://registry.npmjs.org/is-promise/-/is-promise-4.0.0.tgz",
      "integrity": "sha512-hvpoI6korhJMnej285dSg6nu1+e6uxs7zG3BYAm5byqDsgJNWwxzM6z6iZiAgQR4TJ30JmBTOwqZUw3WlyH3AQ=="
    },
    "node_modules/js-tokens": {
      "version": "4.0.0",
      "resolved": "https://registry.npmjs.org/js-tokens/-/js-tokens-4.0.0.tgz",
      "integrity": "sha512-RdJUflcE3cUzKiMqQgsCu06FPu9UdIJO0beYbPhHN4k6apgJtifcoCtT9bcxOpYBtpD2kCM6Sbzg4CausW/PKQ=="
    },
    "node_modules/js-yaml": {
      "version": "4.1.0",
      "resolved": "https://registry.npmjs.org/js-yaml/-/js-yaml-4.1.0.tgz",
      "integrity": "sha512-wpxZs9NoxZaJESJGIZTyDEaYpl0FKSA+FB9aJiyemKhMwkxQg63h4T1KJgUGHpTqPDNRcmmYLugrRjJlBtWvRA==",
      "dependencies": {
        "argparse": "^2.0.1"
      },
      "bin": {
        "js-yaml": "bin/js-yaml.js"
      }
    },
    "node_modules/json-parse-even-better-errors": {
      "version": "2.3.1",
      "resolved": "https://registry.npmjs.org/json-parse-even-better-errors/-/json-parse-even-better-errors-2.3.1.tgz",
      "integrity": "sha512-xyFwyhro/JEof6Ghe2iz2NcXoj2sloNsWr/XsERDK/oiPCfaNhl5ONfp+jQdAZRQQ0IJWNzH9zIZF7li91kh2w=="
    },
    "node_modules/lines-and-columns": {
      "version": "1.2.4",
      "resolved": "https://registry.npmjs.org/lines-and-columns/-/lines-and-columns-1.2.4.tgz",
      "integrity": "sha512-7ylylesZQ/PV29jhEDl3Ufjo6ZX7gCqJr5F7PKrqc93v7fzSymt1BpwEU8nAUXs8qzzvqhbjhK5QZg6Mt/HkBg=="
    },
    "node_modules/packet-reader": {
      "version": "1.0.0",
      "resolved": "https://registry.npmjs.org/packet-reader/-/packet-reader-1.0.0.tgz",
      "integrity": "sha512-HAKu/fG3HpHFO0AA8WE8q2g+gBJaZ9MG7fcKk+IJPLTGAD6Psw4443l+9DGRbOIh3/aXr7Phy0TjilYivJo5XQ=="
    },
    "node_modules/parent-module": {
      "version": "1.0.1",
      "resolved": "https://registry.npmjs.org/parent-module/-/parent-module-1.0.1.tgz",
      "integrity": "sha512-GQ2EWRpQV8/o+Aw8YqtfZZPfNRWZYkbidE9k5rpl/hC3vtHHBfGm2Ifi6qWV+coDGkrUKZAxE3Lot5kcsRlh+g==",
      "dependencies": {
        "callsites": "^3.0.0"
      },
      "engines": {
        "node": ">=6"
      }
    },
    "node_modules/parse-json": {
      "version": "5.2.0",
      "resolved": "https://registry.npmjs.org/parse-json/-/parse-json-5.2.0.tgz",
      "integrity": "sha512-ayCKvm/phCGxOkYRSCM82iDwct8/EonSEgCSxWxD7ve6jHggsFl4fZVQBPRNgQoKiuV/odhFrGzQXZwbifC8Rg==",
      "dependencies": {
        "@babel/code-frame": "^7.0.0",
        "error-ex": "^1.3.1",
        "json-parse-even-better-errors": "^2.3.0",
        "lines-and-columns": "^1.1.6"
      },
      "engines": {
        "node": ">=8"
      },
      "funding": {
        "url": "https://github.com/sponsors/sindresorhus"
      }
    },
    "node_modules/path-type": {
      "version": "4.0.0",
      "resolved": "https://registry.npmjs.org/path-type/-/path-type-4.0.0.tgz",
      "integrity": "sha512-gDKb8aZMDeD/tZWs9P6+q0J9Mwkdl6xMV8TjnGP3qJVJ06bdMgkbBlLU8IdfOsIsFz2BW1rNVT3XuNEl8zPAvw==",
      "engines": {
        "node": ">=8"
      }
    },
    "node_modules/pg": {
      "version": "8.10.0",
      "resolved": "https://registry.npmjs.org/pg/-/pg-8.10.0.tgz",
      "integrity": "sha512-ke7o7qSTMb47iwzOSaZMfeR7xToFdkE71ifIipOAAaLIM0DYzfOAXlgFFmYUIE2BcJtvnVlGCID84ZzCegE8CQ==",
      "dependencies": {
        "buffer-writer": "2.0.0",
        "packet-reader": "1.0.0",
        "pg-connection-string": "^2.5.0",
        "pg-pool": "^3.6.0",
        "pg-protocol": "^1.6.0",
        "pg-types": "^2.1.0",
        "pgpass": "1.x"
      },
      "engines": {
        "node": ">= 8.0.0"
      },
      "peerDependencies": {
        "pg-native": ">=3.0.1"
      },
      "peerDependenciesMeta": {
        "pg-native": {
          "optional": true
        }
      }
    },
    "node_modules/pg-connection-string": {
      "version": "2.5.0",
      "resolved": "https://registry.npmjs.org/pg-connection-string/-/pg-connection-string-2.5.0.tgz",
      "integrity": "sha512-r5o/V/ORTA6TmUnyWZR9nCj1klXCO2CEKNRlVuJptZe85QuhFayC7WeMic7ndayT5IRIR0S0xFxFi2ousartlQ=="
    },
    "node_modules/pg-cursor": {
      "version": "2.9.0",
      "resolved": "https://registry.npmjs.org/pg-cursor/-/pg-cursor-2.9.0.tgz",
      "integrity": "sha512-tNX0FbHX6+hlhZVNbxhSQPDMNMFF6mOWQvwDobPROAFpilmXrZo3FozawqaBQKonFKpBloZZyWUL3Kkf5rLn6A==",
      "peerDependencies": {
        "pg": "^8"
      }
    },
    "node_modules/pg-int8": {
      "version": "1.0.1",
      "resolved": "https://registry.npmjs.org/pg-int8/-/pg-int8-1.0.1.tgz",
      "integrity": "sha512-WCtabS6t3c8SkpDBUlb1kjOs7l66xsGdKpIPZsg4wR+B3+u9UAum2odSsF9tnvxg80h4ZxLWMy4pRjOsFIqQpw==",
      "engines": {
        "node": ">=4.0.0"
      }
    },
    "node_modules/pg-pool": {
      "version": "3.6.0",
      "resolved": "https://registry.npmjs.org/pg-pool/-/pg-pool-3.6.0.tgz",
      "integrity": "sha512-clFRf2ksqd+F497kWFyM21tMjeikn60oGDmqMT8UBrynEwVEX/5R5xd2sdvdo1cZCFlguORNpVuqxIj+aK4cfQ==",
      "peerDependencies": {
        "pg": ">=8.0"
      }
    },
    "node_modules/pg-protocol": {
      "version": "1.6.0",
      "resolved": "https://registry.npmjs.org/pg-protocol/-/pg-protocol-1.6.0.tgz",
      "integrity": "sha512-M+PDm637OY5WM307051+bsDia5Xej6d9IR4GwJse1qA1DIhiKlksvrneZOYQq42OM+spubpcNYEo2FcKQrDk+Q=="
    },
    "node_modules/pg-types": {
      "version": "2.2.0",
      "resolved": "https://registry.npmjs.org/pg-types/-/pg-types-2.2.0.tgz",
      "integrity": "sha512-qTAAlrEsl8s4OiEQY69wDvcMIdQN6wdz5ojQiOy6YRMuynxenON0O5oCpJI6lshc6scgAY8qvJ2On/p+CXY0GA==",
      "dependencies": {
        "pg-int8": "1.0.1",
        "postgres-array": "~2.0.0",
        "postgres-bytea": "~1.0.0",
        "postgres-date": "~1.0.4",
        "postgres-interval": "^1.1.0"
      },
      "engines": {
        "node": ">=4"
      }
    },
    "node_modules/pgpass": {
      "version": "1.0.5",
      "resolved": "https://registry.npmjs.org/pgpass/-/pgpass-1.0.5.tgz",
      "integrity": "sha512-FdW9r/jQZhSeohs1Z3sI1yxFQNFvMcnmfuj4WBMUTxOrAyLMaTcE1aAMBiTlbMNaXvBCQuVi0R7hd8udDSP7ug==",
      "dependencies": {
        "split2": "^4.1.0"
      }
    },
    "node_modules/postgres-array": {
      "version": "2.0.0",
      "resolved": "https://registry.npmjs.org/postgres-array/-/postgres-array-2.0.0.tgz",
      "integrity": "sha512-VpZrUqU5A69eQyW2c5CA1jtLecCsN2U/bD6VilrFDWq5+5UIEVO7nazS3TEcHf1zuPYO/sqGvUvW62g86RXZuA==",
      "engines": {
        "node": ">=4"
      }
    },
    "node_modules/postgres-bytea": {
      "version": "1.0.0",
      "resolved": "https://registry.npmjs.org/postgres-bytea/-/postgres-bytea-1.0.0.tgz",
      "integrity": "sha512-xy3pmLuQqRBZBXDULy7KbaitYqLcmxigw14Q5sj8QBVLqEwXfeybIKVWiqAXTlcvdvb0+xkOtDbfQMOf4lST1w==",
      "engines": {
        "node": ">=0.10.0"
      }
    },
    "node_modules/postgres-date": {
      "version": "1.0.7",
      "resolved": "https://registry.npmjs.org/postgres-date/-/postgres-date-1.0.7.tgz",
      "integrity": "sha512-suDmjLVQg78nMK2UZ454hAG+OAW+HQPZ6n++TNDUX+L0+uUlLywnoxJKDou51Zm+zTCjrCl0Nq6J9C5hP9vK/Q==",
      "engines": {
        "node": ">=0.10.0"
      }
    },
    "node_modules/postgres-interval": {
      "version": "1.2.0",
      "resolved": "https://registry.npmjs.org/postgres-interval/-/postgres-interval-1.2.0.tgz",
      "integrity": "sha512-9ZhXKM/rw350N1ovuWHbGxnGh/SNJ4cnxHiM0rxE4VN41wsg8P8zWn9hv/buK00RP4WvlOyr/RBDiptyxVbkZQ==",
      "dependencies": {
        "xtend": "^4.0.0"
      },
      "engines": {
        "node": ">=0.10.0"
      }
    },
    "node_modules/resolve-from": {
      "version": "4.0.0",
      "resolved": "https://registry.npmjs.org/resolve-from/-/resolve-from-4.0.0.tgz",
      "integrity": "sha512-pb/MYmXstAkysRFx8piNI1tGFNQIFA3vkE3Gq4EuA1dF6gHp/+vgZqsCGJapvy8N3Q+4o7FwvquPJcnZ7RYy4g==",
      "engines": {
        "node": ">=4"
      }
    },
    "node_modules/split2": {
      "version": "4.2.0",
      "resolved": "https://registry.npmjs.org/split2/-/split2-4.2.0.tgz",
      "integrity": "sha512-UcjcJOWknrNkF6PLX83qcHM6KHgVKNkV62Y8a5uYDVv9ydGQVwAHMKqHdJje1VTWpljG0WYpCDhrCdAOYH4TWg==",
      "engines": {
        "node": ">= 10.x"
      }
    },
    "node_modules/supports-color": {
      "version": "5.5.0",
      "resolved": "https://registry.npmjs.org/supports-color/-/supports-color-5.5.0.tgz",
      "integrity": "sha512-QjVjwdXIt408MIiAqCX4oUKsgU2EqAGzs2Ppkm4aQYbjm+ZEWEcW4SfFNTr4uMNZma0ey4f5lgLrkB0aX0QMow==",
      "dependencies": {
        "has-flag": "^3.0.0"
      },
      "engines": {
        "node": ">=4"
      }
    },
    "node_modules/typescript": {
      "version": "5.0.4",
      "resolved": "https://registry.npmjs.org/typescript/-/typescript-5.0.4.tgz",
      "integrity": "sha512-cW9T5W9xY37cc+jfEnaUvX91foxtHkza3Nw3wkoF4sSlKn0MONdkdEndig/qPBWXNkmplh3NzayQzCiHM4/hqw==",
      "dev": true,
      "bin": {
        "tsc": "bin/tsc",
        "tsserver": "bin/tsserver"
      },
      "engines": {
        "node": ">=12.20"
      }
    },
    "node_modules/xtend": {
      "version": "4.0.2",
      "resolved": "https://registry.npmjs.org/xtend/-/xtend-4.0.2.tgz",
      "integrity": "sha512-LKYU1iAXJXUgAXn9URjiu+MWhyUXHsvfp7mcuYm9dSUKK0/CjtrUwFAxD82/mCWbtLsGjFIad0wIsod4zrTAEQ==",
      "engines": {
        "node": ">=0.4"
      }
    }
  }
}
